
Microsoft Visual Studio Solution File, Format Version 12.00
# Visual Studio Version 17
VisualStudioVersion = 17.5.002.0
MinimumVisualStudioVersion = 10.0.40219.1
Project("{9A19103F-16F7-4668-BE54-9A1E7A4F7556}") = "Tour_Booking", "Tour_Booking.csproj", "{2ED22751-6907-4691-8B7A-6A73A31E964E}"
EndProject
Global
	GlobalSection(SolutionConfigurationPlatforms) = preSolution
		Debug|Any CPU = Debug|Any CPU
		Release|Any CPU = Release|Any CPU
	EndGlobalSection
	GlobalSection(ProjectConfigurationPlatforms) = postSolution
		{2ED22751-6907-4691-8B7A-6A73A31E964E}.Debug|Any CPU.ActiveCfg = Debug|Any CPU
		{2ED22751-6907-4691-8B7A-6A73A31E964E}.Debug|Any CPU.Build.0 = Debug|Any CPU
		{2ED22751-6907-4691-8B7A-6A73A31E964E}.Release|Any CPU.ActiveCfg = Release|Any CPU
		{2ED22751-6907-4691-8B7A-6A73A31E964E}.Release|Any CPU.Build.0 = Release|Any CPU
	EndGlobalSection
	GlobalSection(SolutionProperties) = preSolution
		HideSolutionNode = FALSE
	EndGlobalSection
	GlobalSection(ExtensibilityGlobals) = postSolution
		SolutionGuid = {10A1E9AB-3F73-4FD8-840B-448993B49C12}
	EndGlobalSection
EndGlobal
